// !$*UTF8*$!
{
	archiveVersion = 1;
	classes = {
	};
	objectVersion = 50;
	objects = {

/* Begin PBXBuildFile section */
		A66340BD215BBBA600AF3B5D /* AppDelegate.swift in Sources */ = {isa = PBXBuildFile; fileRef = A66340BC215BBBA600AF3B5D /* AppDelegate.swift */; };
		A66340BF215BBBA700AF3B5D /* ViewController.swift in Sources */ = {isa = PBXBuildFile; fileRef = A66340BE215BBBA700AF3B5D /* ViewController.swift */; };
		A66340C2215BBBA700AF3B5D /* Main.storyboard in Resources */ = {isa = PBXBuildFile; fileRef = A66340C0215BBBA700AF3B5D /* Main.storyboard */; };
		A66340C4215BBBB700AF3B5D /* Assets.xcassets in Resources */ = {isa = PBXBuildFile; fileRef = A66340C3215BBBB700AF3B5D /* Assets.xcassets */; };
		A66340C7215BBBB700AF3B5D /* LaunchScreen.storyboard in Resources */ = {isa = PBXBuildFile; fileRef = A66340C5215BBBB700AF3B5D /* LaunchScreen.storyboard */; };
		F57390506C6D106C4968C9A1 /* Pods_SamapleJenkins.framework in Frameworks */ = {isa = PBXBuildFile; fileRef = 7F9469EF71E8A48813F12A3C /* Pods_SamapleJenkins.framework */; };
/* End PBXBuildFile section */

/* Begin PBXFileReference section */
		015D364660C316D5A3BB6080 /* Pods-SamapleJenkins.release.xcconfig */ = {isa = PBXFileReference; includeInIndex = 1; lastKnownFileType = text.xcconfig; name = "Pods-SamapleJenkins.release.xcconfig"; path = "Pods/Target Support Files/Pods-SamapleJenkins/Pods-SamapleJenkins.release.xcconfig"; sourceTree = "<group>"; };
		31A8841246D8DB6A013F4881 /* Pods-SamapleJenkins.debug.xcconfig */ = {isa = PBXFileReference; includeInIndex = 1; lastKnownFileType = text.xcconfig; name = "Pods-SamapleJenkins.debug.xcconfig"; path = "Pods/Target Support Files/Pods-SamapleJenkins/Pods-SamapleJenkins.debug.xcconfig"; sourceTree = "<group>"; };
		7F9469EF71E8A48813F12A3C /* Pods_SamapleJenkins.framework */ = {isa = PBXFileReference; explicitFileType = wrapper.framework; includeInIndex = 0; path = Pods_SamapleJenkins.framework; sourceTree = BUILT_PRODUCTS_DIR; };
		A66340B9215BBBA600AF3B5D /* SamapleJenkins.app */ = {isa = PBXFileReference; explicitFileType = wrapper.application; includeInIndex = 0; path = SamapleJenkins.app; sourceTree = BUILT_PRODUCTS_DIR; };
		A66340BC215BBBA600AF3B5D /* AppDelegate.swift */ = {isa = PBXFileReference; lastKnownFileType = sourcecode.swift; path = AppDelegate.swift; sourceTree = "<group>"; };
		A66340BE215BBBA700AF3B5D /* ViewController.swift */ = {isa = PBXFileReference; lastKnownFileType = sourcecode.swift; path = ViewController.swift; sourceTree = "<group>"; };
		A66340C1215BBBA700AF3B5D /* Base */ = {isa = PBXFileReference; lastKnownFileType = file.storyboard; name = Base; path = Base.lproj/Main.storyboard; sourceTree = "<group>"; };
		A66340C3215BBBB700AF3B5D /* Assets.xcassets */ = {isa = PBXFileReference; lastKnownFileType = folder.assetcatalog; path = Assets.xcassets; sourceTree = "<group>"; };
		A66340C6215BBBB700AF3B5D /* Base */ = {isa = PBXFileReference; lastKnownFileType = file.storyboard; name = Base; path = Base.lproj/LaunchScreen.storyboard; sourceTree = "<group>"; };
		A66340C8215BBBB700AF3B5D /* Info.plist */ = {isa = PBXFileReference; lastKnownFileType = text.plist.xml; path = Info.plist; sourceTree = "<group>"; };
/* End PBXFileReference section */

/* Begin PBXFrameworksBuildPhase section */
		A66340B6215BBBA600AF3B5D /* Frameworks */ = {
			isa = PBXFrameworksBuildPhase;
			buildActionMask = 2147483647;
			files = (
				F57390506C6D106C4968C9A1 /* Pods_SamapleJenkins.framework in Frameworks */,
			);
			runOnlyForDeploymentPostprocessing = 0;
		};
/* End PBXFrameworksBuildPhase section */

/* Begin PBXGroup section */
		1AEA8D640B58219AAACABF0A /* Frameworks */ = {
			isa = PBXGroup;
			children = (
				7F9469EF71E8A48813F12A3C /* Pods_SamapleJenkins.framework */,
			);
			name = Frameworks;
			sourceTree = "<group>";
		};
		A66340B0215BBBA600AF3B5D = {
			isa = PBXGroup;
			children = (
				A66340BB215BBBA600AF3B5D /* SamapleJenkins */,
				A66340BA215BBBA600AF3B5D /* Products */,
				CE8283C7704EFC5114C35ABE /* Pods */,
				1AEA8D640B58219AAACABF0A /* Frameworks */,
			);
			sourceTree = "<group>";
		};
		A66340BA215BBBA600AF3B5D /* Products */ = {
			isa = PBXGroup;
			children = (
				A66340B9215BBBA600AF3B5D /* SamapleJenkins.app */,
			);
			name = Products;
			sourceTree = "<group>";
		};
		A66340BB215BBBA600AF3B5D /* SamapleJenkins */ = {
			isa = PBXGroup;
			children = (
				A66340BC215BBBA600AF3B5D /* AppDelegate.swift */,
				A66340BE215BBBA700AF3B5D /* ViewController.swift */,
				A66340C0215BBBA700AF3B5D /* Main.storyboard */,
				A66340C3215BBBB700AF3B5D /* Assets.xcassets */,
				A66340C5215BBBB700AF3B5D /* LaunchScreen.storyboard */,
				A66340C8215BBBB700AF3B5D /* Info.plist */,
			);
			path = SamapleJenkins;
			sourceTree = "<group>";
		};
		CE8283C7704EFC5114C35ABE /* Pods */ = {
			isa = PBXGroup;
			children = (
				31A8841246D8DB6A013F4881 /* Pods-SamapleJenkins.debug.xcconfig */,
				015D364660C316D5A3BB6080 /* Pods-SamapleJenkins.release.xcconfig */,
			);
			name = Pods;
			sourceTree = "<group>";
		};
/* End PBXGroup section */

/* Begin PBXNativeTarget section */
		A66340B8215BBBA600AF3B5D /* SamapleJenkins */ = {
			isa = PBXNativeTarget;
			buildConfigurationList = A66340CB215BBBB700AF3B5D /* Build configuration list for PBXNativeTarget "SamapleJenkins" */;
			buildPhases = (
				2E088F46275238F0BD56EC65 /* [CP] Check Pods Manifest.lock */,
				A66340B5215BBBA600AF3B5D /* Sources */,
				A66340B6215BBBA600AF3B5D /* Frameworks */,
				A66340B7215BBBA600AF3B5D /* Resources */,
				E9D524FFBF32D648E2A8E34B /* [CP] Embed Pods Frameworks */,
			);
			buildRules = (
			);
			dependencies = (
			);
			name = SamapleJenkins;
			productName = SamapleJenkins;
			productReference = A66340B9215BBBA600AF3B5D /* SamapleJenkins.app */;
			productType = "com.apple.product-type.application";
		};
/* End PBXNativeTarget section */

/* Begin PBXProject section */
		A66340B1215BBBA600AF3B5D /* Project object */ = {
			isa = PBXProject;
			attributes = {
				LastSwiftUpdateCheck = 0940;
				LastUpgradeCheck = 0940;
				ORGANIZATIONNAME = jenkins;
				TargetAttributes = {
					A66340B8215BBBA600AF3B5D = {
						CreatedOnToolsVersion = 9.4.1;
					};
				};
			};
			buildConfigurationList = A66340B4215BBBA600AF3B5D /* Build configuration list for PBXProject "SamapleJenkins" */;
			compatibilityVersion = "Xcode 9.3";
			developmentRegion = en;
			hasScannedForEncodings = 0;
			knownRegions = (
				en,
				Base,
			);
			mainGroup = A66340B0215BBBA600AF3B5D;
			productRefGroup = A66340BA215BBBA600AF3B5D /* Products */;
			projectDirPath = "";
			projectRoot = "";
			targets = (
				A66340B8215BBBA600AF3B5D /* SamapleJenkins */,
			);
		};
/* End PBXProject section */

/* Begin PBXResourcesBuildPhase section */
		A66340B7215BBBA600AF3B5D /* Resources */ = {
			isa = PBXResourcesBuildPhase;
			buildActionMask = 2147483647;
			files = (
				A66340C7215BBBB700AF3B5D /* LaunchScreen.storyboard in Resources */,
				A66340C4215BBBB700AF3B5D /* Assets.xcassets in Resources */,
				A66340C2215BBBA700AF3B5D /* Main.storyboard in Resources */,
			);
			runOnlyForDeploymentPostprocessing = 0;
		};
/* End PBXResourcesBuildPhase section */

/* Begin PBXShellScriptBuildPhase section */
		2E088F46275238F0BD56EC65 /* [CP] Check Pods Manifest.lock */ = {
			isa = PBXShellScriptBuildPhase;
			buildActionMask = 2147483647;
			files = (
			);
			inputPaths = (
				"${PODS_PODFILE_DIR_PATH}/Podfile.lock",
				"${PODS_ROOT}/Manifest.lock",
			);
			name = "[CP] Check Pods Manifest.lock";
			outputPaths = (
				"$(DERIVED_FILE_DIR)/Pods-SamapleJenkins-checkManifestLockResult.txt",
			);
			runOnlyForDeploymentPostprocessing = 0;
			shellPath = /bin/sh;
			shellScript = "diff \"${PODS_PODFILE_DIR_PATH}/Podfile.lock\" \"${PODS_ROOT}/Manifest.lock\" > /dev/null\nif [ $? != 0 ] ; then\n    # print error to STDERR\n    echo \"error: The sandbox is not in sync with the Podfile.lock. Run 'pod install' or update your CocoaPods installation.\" >&2\n    exit 1\nfi\n# This output is used by Xcode 'outputs' to avoid re-running this script phase.\necho \"SUCCESS\" > \"${SCRIPT_OUTPUT_FILE_0}\"\n";
			showEnvVarsInLog = 0;
		};
		E9D524FFBF32D648E2A8E34B /* [CP] Embed Pods Frameworks */ = {
			isa = PBXShellScriptBuildPhase;
			buildActionMask = 2147483647;
			files = (
			);
			inputPaths = (
				"${SRCROOT}/Pods/Target Support Files/Pods-SamapleJenkins/Pods-SamapleJenkins-frameworks.sh",
				"${BUILT_PRODUCTS_DIR}/Alamofire/Alamofire.framework",
			);
			name = "[CP] Embed Pods Frameworks";
			outputPaths = (
				"${TARGET_BUILD_DIR}/${FRAMEWORKS_FOLDER_PATH}/Alamofire.framework",
			);
			runOnlyForDeploymentPostprocessing = 0;
			shellPath = /bin/sh;
			shellScript = "\"${SRCROOT}/Pods/Target Support Files/Pods-SamapleJenkins/Pods-SamapleJenkins-frameworks.sh\"\n";
			showEnvVarsInLog = 0;
		};
/* End PBXShellScriptBuildPhase section */

/* Begin PBXSourcesBuildPhase section */
		A66340B5215BBBA600AF3B5D /* Sources */ = {
			isa = PBXSourcesBuildPhase;
			buildActionMask = 2147483647;
			files = (
				A66340BF215BBBA700AF3B5D /* ViewController.swift in Sources */,
				A66340BD215BBBA600AF3B5D /* AppDelegate.swift in Sources */,
			);
			runOnlyForDeploymentPostprocessing = 0;
		};
/* End PBXSourcesBuildPhase section */

/* Begin PBXVariantGroup section */
		A66340C0215BBBA700AF3B5D /* Main.storyboard */ = {
			isa = PBXVariantGroup;
			children = (
				A66340C1215BBBA700AF3B5D /* Base */,
			);
			name = Main.storyboard;
			sourceTree = "<group>";
		};
		A66340C5215BBBB700AF3B5D /* LaunchScreen.storyboard */ = {
			isa = PBXVariantGroup;
			children = (
				A66340C6215BBBB700AF3B5D /* Base */,
			);
			name = LaunchScreen.storyboard;
			sourceTree = "<group>";
		};
/* End PBXVariantGroup section */

/* Begin XCBuildConfiguration section */
		A66340C9215BBBB700AF3B5D /* Debug */ = {
			isa = XCBuildConfiguration;
			buildSettings = {
				ALWAYS_SEARCH_USER_PATHS = NO;
				CLANG_ANALYZER_NONNULL = YES;
				CLANG_ANALYZER_NUMBER_OBJECT_CONVERSION = YES_AGGRESSIVE;
				CLANG_CXX_LANGUAGE_STANDARD = "gnu++14";
				CLANG_CXX_LIBRARY = "libc++";
				CLANG_ENABLE_MODULES = YES;
				CLANG_ENABLE_OBJC_ARC = YES;
				CLANG_ENABLE_OBJC_WEAK = YES;
				CLANG_WARN_BLOCK_CAPTURE_AUTORELEASING = YES;
				CLANG_WARN_BOOL_CONVERSION = YES;
				CLANG_WARN_COMMA = YES;
				CLANG_WARN_CONSTANT_CONVERSION = YES;
				CLANG_WARN_DEPRECATED_OBJC_IMPLEMENTATIONS = YES;
				CLANG_WARN_DIRECT_OBJC_ISA_USAGE = YES_ERROR;
				CLANG_WARN_DOCUMENTATION_COMMENTS = YES;
				CLANG_WARN_EMPTY_BODY = YES;
				CLANG_WARN_ENUM_CONVERSION = YES;
				CLANG_WARN_INFINITE_RECURSION = YES;
				CLANG_WARN_INT_CONVERSION = YES;
				CLANG_WARN_NON_LITERAL_NULL_CONVERSION = YES;
				CLANG_WARN_OBJC_IMPLICIT_RETAIN_SELF = YES;
				CLANG_WARN_OBJC_LITERAL_CONVERSION = YES;
				CLANG_WARN_OBJC_ROOT_CLASS = YES_ERROR;
				CLANG_WARN_RANGE_LOOP_ANALYSIS = YES;
				CLANG_WARN_STRICT_PROTOTYPES = YES;
				CLANG_WARN_SUSPICIOUS_MOVE = YES;
				CLANG_WARN_UNGUARDED_AVAILABILITY = YES_AGGRESSIVE;
				CLANG_WARN_UNREACHABLE_CODE = YES;
				CLANG_WARN__DUPLICATE_METHOD_MATCH = YES;
				CODE_SIGN_IDENTITY = "iPhone Developer";
				COPY_PHASE_STRIP = NO;
				DEBUG_INFORMATION_FORMAT = dwarf;
				ENABLE_STRICT_OBJC_MSGSEND = YES;
				ENABLE_TESTABILITY = YES;
				GCC_C_LANGUAGE_STANDARD = gnu11;
				GCC_DYNAMIC_NO_PIC = NO;
				GCC_NO_COMMON_BLOCKS = YES;
				GCC_OPTIMIZATION_LEVEL = 0;
				GCC_PREPROCESSOR_DEFINITIONS = (
					"DEBUG=1",
					"$(inherited)",
				);
				GCC_WARN_64_TO_32_BIT_CONVERSION = YES;
				GCC_WARN_ABOUT_RETURN_TYPE = YES_ERROR;
				GCC_WARN_UNDECLARED_SELECTOR = YES;
				GCC_WARN_UNINITIALIZED_AUTOS = YES_AGGRESSIVE;
				GCC_WARN_UNUSED_FUNCTION = YES;
				GCC_WARN_UNUSED_VARIABLE = YES;
				IPHONEOS_DEPLOYMENT_TARGET = 11.4;
				MTL_ENABLE_DEBUG_INFO = YES;
				ONLY_ACTIVE_ARCH = YES;
				SDKROOT = iphoneos;
				SWIFT_ACTIVE_COMPILATION_CONDITIONS = DEBUG;
				SWIFT_OPTIMIZATION_LEVEL = "-Onone";
			};
			name = Debug;
		};
		A66340CA215BBBB700AF3B5D /* Release */ = {
			isa = XCBuildConfiguration;
			buildSettings = {
				ALWAYS_SEARCH_USER_PATHS = NO;
				CLANG_ANALYZER_NONNULL = YES;
				CLANG_ANALYZER_NUMBER_OBJECT_CONVERSION = YES_AGGRESSIVE;
				CLANG_CXX_LANGUAGE_STANDARD = "gnu++14";
				CLANG_CXX_LIBRARY = "libc++";
				CLANG_ENABLE_MODULES = YES;
				CLANG_ENABLE_OBJC_ARC = YES;
				CLANG_ENABLE_OBJC_WEAK = YES;
				CLANG_WARN_BLOCK_CAPTURE_AUTORELEASING = YES;
				CLANG_WARN_BOOL_CONVERSION = YES;
				CLANG_WARN_COMMA = YES;
				CLANG_WARN_CONSTANT_CONVERSION = YES;
				CLANG_WARN_DEPRECATED_OBJC_IMPLEMENTATIONS = YES;
				CLANG_WARN_DIRECT_OBJC_ISA_USAGE = YES_ERROR;
				CLANG_WARN_DOCUMENTATION_COMMENTS = YES;
				CLANG_WARN_EMPTY_BODY = YES;
				CLANG_WARN_ENUM_CONVERSION = YES;
				CLANG_WARN_INFINITE_RECURSION = YES;
				CLANG_WARN_INT_CONVERSION = YES;
				CLANG_WARN_NON_LITERAL_NULL_CONVERSION = YES;
				CLANG_WARN_OBJC_IMPLICIT_RETAIN_SELF = YES;
				CLANG_WARN_OBJC_LITERAL_CONVERSION = YES;
				CLANG_WARN_OBJC_ROOT_CLASS = YES_ERROR;
				CLANG_WARN_RANGE_LOOP_ANALYSIS = YES;
				CLANG_WARN_STRICT_PROTOTYPES = YES;
				CLANG_WARN_SUSPICIOUS_MOVE = YES;
				CLANG_WARN_UNGUARDED_AVAILABILITY = YES_AGGRESSIVE;
				CLANG_WARN_UNREACHABLE_CODE = YES;
				CLANG_WARN__DUPLICATE_METHOD_MATCH = YES;
				CODE_SIGN_IDENTITY = "iPhone Developer";
				COPY_PHASE_STRIP = NO;
				DEBUG_INFORMATION_FORMAT = "dwarf-with-dsym";
				ENABLE_NS_ASSERTIONS = NO;
				ENABLE_STRICT_OBJC_MSGSEND = YES;
				GCC_C_LANGUAGE_STANDARD = gnu11;
				GCC_NO_COMMON_BLOCKS = YES;
				GCC_WARN_64_TO_32_BIT_CONVERSION = YES;
				GCC_WARN_ABOUT_RETURN_TYPE = YES_ERROR;
				GCC_WARN_UNDECLARED_SELECTOR = YES;
				GCC_WARN_UNINITIALIZED_AUTOS = YES_AGGRESSIVE;
				GCC_WARN_UNUSED_FUNCTION = YES;
				GCC_WARN_UNUSED_VARIABLE = YES;
				IPHONEOS_DEPLOYMENT_TARGET = 11.4;
				MTL_ENABLE_DEBUG_INFO = NO;
				SDKROOT = iphoneos;
				SWIFT_COMPILATION_MODE = wholemodule;
				SWIFT_OPTIMIZATION_LEVEL = "-O";
				VALIDATE_PRODUCT = YES;
			};
			name = Release;
		};
		A66340CC215BBBB700AF3B5D /* Debug */ = {
			isa = XCBuildConfiguration;
			baseConfigurationReference = 31A8841246D8DB6A013F4881 /* Pods-SamapleJenkins.debug.xcconfig */;
			buildSettings = {
				ASSETCATALOG_COMPILER_APPICON_NAME = AppIcon;
				CODE_SIGN_IDENTITY = "iPhone Distribution";
				CODE_SIGN_STYLE = Manual;
				DEVELOPMENT_TEAM = 6JEDLWTGT4;
				INFOPLIST_FILE = SamapleJenkins/Info.plist;
				LD_RUNPATH_SEARCH_PATHS = (
					"$(inherited)",
					"@executable_path/Frameworks",
				);
				PRODUCT_BUNDLE_IDENTIFIER = com.sourcesoft.wondermarker;
				PRODUCT_NAME = "$(TARGET_NAME)";
				PROVISIONING_PROFILE = "8196c6ae-d251-4afb-922a-3e07167ad213";
				PROVISIONING_PROFILE_SPECIFIER = wonder_adhoc;
				SWIFT_VERSION = 4.0;
				TARGETED_DEVICE_FAMILY = "1,2";
			};
			name = Debug;
		};
		A66340CD215BBBB700AF3B5D /* Release */ = {
			isa = XCBuildConfiguration;
			baseConfigurationReference = 015D364660C316D5A3BB6080 /* Pods-SamapleJenkins.release.xcconfig */;
			buildSettings = {
				ASSETCATALOG_COMPILER_APPICON_NAME = AppIcon;
				CODE_SIGN_IDENTITY = "iPhone Distribution";
				CODE_SIGN_STYLE = Manual;
				DEVELOPMENT_TEAM = 6JEDLWTGT4;
				INFOPLIST_FILE = SamapleJenkins/Info.plist;
				LD_RUNPATH_SEARCH_PATHS = (
					"$(inherited)",
					"@executable_path/Frameworks",
				);
				PRODUCT_BUNDLE_IDENTIFIER = com.sourcesoft.wondermarker;
				PRODUCT_NAME = "$(TARGET_NAME)";
				PROVISIONING_PROFILE = "8196c6ae-d251-4afb-922a-3e07167ad213";
				PROVISIONING_PROFILE_SPECIFIER = wonder_adhoc;
				SWIFT_VERSION = 4.0;
				TARGETED_DEVICE_FAMILY = "1,2";
			};
			name = Release;
		};
/* End XCBuildConfiguration section */

/* Begin XCConfigurationList section */
		A66340B4215BBBA600AF3B5D /* Build configuration list for PBXProject "SamapleJenkins" */ = {
			isa = XCConfigurationList;
			buildConfigurations = (
				A66340C9215BBBB700AF3B5D /* Debug */,
				A66340CA215BBBB700AF3B5D /* Release */,
			);
			defaultConfigurationIsVisible = 0;
			defaultConfigurationName = Release;
		};
		A66340CB215BBBB700AF3B5D /* Build configuration list for PBXNativeTarget "SamapleJenkins" */ = {
			isa = XCConfigurationList;
			buildConfigurations = (
				A66340CC215BBBB700AF3B5D /* Debug */,
				A66340CD215BBBB700AF3B5D /* Release */,
			);
			defaultConfigurationIsVisible = 0;
			defaultConfigurationName = Release;
		};
/* End XCConfigurationList section */
	};
	rootObject = A66340B1215BBBA600AF3B5D /* Project object */;
}
